
Microsoft Visual Studio Solution File, Format Version 12.00
# Visual Studio Version 17
VisualStudioVersion = 17.2.32630.192
MinimumVisualStudioVersion = 10.0.40219.1
Project("{9A19103F-16F7-4668-BE54-9A1E7A4F7556}") = "R5T.T0169", "R5T.T0169\R5T.T0169.csproj", "{5A506488-3987-4EFF-B9F2-26CF65A35ED1}"
EndProject
Project("{2150E333-8FDC-42A3-9474-1A3956D46DE8}") = "_Dependencies", "_Dependencies", "{BCB6EE3E-8D8A-4605-80D9-9A2C10BB4509}"
EndProject
Project("{9A19103F-16F7-4668-BE54-9A1E7A4F7556}") = "R5T.T0161", "..\..\R5T.T0161\source\R5T.T0161\R5T.T0161.csproj", "{AC05BB6A-2D39-422B-AB0C-F4F3DAB49613}"
EndProject
Project("{9A19103F-16F7-4668-BE54-9A1E7A4F7556}") = "R5T.T0132", "..\..\R5T.T0132\source\R5T.T0132\R5T.T0132.csproj", "{EB5BC01A-FE3A-424A-A187-6BA48B58A2F1}"
EndProject
Project("{9A19103F-16F7-4668-BE54-9A1E7A4F7556}") = "R5T.T0143", "..\..\R5T.T0143\source\R5T.T0143\R5T.T0143.csproj", "{7849BF81-A152-4700-A3B7-961A6E703E26}"
EndProject
Project("{9A19103F-16F7-4668-BE54-9A1E7A4F7556}") = "R5T.T0150", "..\..\R5T.T0150\source\R5T.T0150\R5T.T0150.csproj", "{CFACC900-2FA3-4A91-923D-22BA1B48ED6C}"
EndProject
Project("{9A19103F-16F7-4668-BE54-9A1E7A4F7556}") = "R5T.T0151", "..\..\R5T.T0151\source\R5T.T0151\R5T.T0151.csproj", "{4EB15E9F-7048-4AC4-B23E-48AFEB09B489}"
EndProject
Project("{9A19103F-16F7-4668-BE54-9A1E7A4F7556}") = "R5T.T0171", "..\..\R5T.T0171\source\R5T.T0171\R5T.T0171.csproj", "{D4C7D92E-E007-468A-8C87-74BB1FD32947}"
EndProject
Global
	GlobalSection(NestedProjects) = preSolution
		{AC05BB6A-2D39-422B-AB0C-F4F3DAB49613} = {BCB6EE3E-8D8A-4605-80D9-9A2C10BB4509}
		{EB5BC01A-FE3A-424A-A187-6BA48B58A2F1} = {BCB6EE3E-8D8A-4605-80D9-9A2C10BB4509}
		{7849BF81-A152-4700-A3B7-961A6E703E26} = {BCB6EE3E-8D8A-4605-80D9-9A2C10BB4509}
		{CFACC900-2FA3-4A91-923D-22BA1B48ED6C} = {BCB6EE3E-8D8A-4605-80D9-9A2C10BB4509}
		{4EB15E9F-7048-4AC4-B23E-48AFEB09B489} = {BCB6EE3E-8D8A-4605-80D9-9A2C10BB4509}
		{D4C7D92E-E007-468A-8C87-74BB1FD32947} = {BCB6EE3E-8D8A-4605-80D9-9A2C10BB4509}
	EndGlobalSection
	GlobalSection(SolutionConfigurationPlatforms) = preSolution
		Debug|Any CPU = Debug|Any CPU
		Release|Any CPU = Release|Any CPU
	EndGlobalSection
	GlobalSection(ProjectConfigurationPlatforms) = postSolution
		{5A506488-3987-4EFF-B9F2-26CF65A35ED1}.Debug|Any CPU.ActiveCfg = Debug|Any CPU
		{5A506488-3987-4EFF-B9F2-26CF65A35ED1}.Debug|Any CPU.Build.0 = Debug|Any CPU
		{5A506488-3987-4EFF-B9F2-26CF65A35ED1}.Release|Any CPU.ActiveCfg = Release|Any CPU
		{5A506488-3987-4EFF-B9F2-26CF65A35ED1}.Release|Any CPU.Build.0 = Release|Any CPU
		{AC05BB6A-2D39-422B-AB0C-F4F3DAB49613}.Debug|Any CPU.ActiveCfg = Debug|Any CPU
		{AC05BB6A-2D39-422B-AB0C-F4F3DAB49613}.Debug|Any CPU.Build.0 = Debug|Any CPU
		{AC05BB6A-2D39-422B-AB0C-F4F3DAB49613}.Release|Any CPU.ActiveCfg = Release|Any CPU
		{AC05BB6A-2D39-422B-AB0C-F4F3DAB49613}.Release|Any CPU.Build.0 = Release|Any CPU
		{EB5BC01A-FE3A-424A-A187-6BA48B58A2F1}.Debug|Any CPU.ActiveCfg = Debug|Any CPU
		{EB5BC01A-FE3A-424A-A187-6BA48B58A2F1}.Debug|Any CPU.Build.0 = Debug|Any CPU
		{EB5BC01A-FE3A-424A-A187-6BA48B58A2F1}.Release|Any CPU.ActiveCfg = Release|Any CPU
		{EB5BC01A-FE3A-424A-A187-6BA48B58A2F1}.Release|Any CPU.Build.0 = Release|Any CPU
		{7849BF81-A152-4700-A3B7-961A6E703E26}.Debug|Any CPU.ActiveCfg = Debug|Any CPU
		{7849BF81-A152-4700-A3B7-961A6E703E26}.Debug|Any CPU.Build.0 = Debug|Any CPU
		{7849BF81-A152-4700-A3B7-961A6E703E26}.Release|Any CPU.ActiveCfg = Release|Any CPU
		{7849BF81-A152-4700-A3B7-961A6E703E26}.Release|Any CPU.Build.0 = Release|Any CPU
		{CFACC900-2FA3-4A91-923D-22BA1B48ED6C}.Debug|Any CPU.ActiveCfg = Debug|Any CPU
		{CFACC900-2FA3-4A91-923D-22BA1B48ED6C}.Debug|Any CPU.Build.0 = Debug|Any CPU
		{CFACC900-2FA3-4A91-923D-22BA1B48ED6C}.Release|Any CPU.ActiveCfg = Release|Any CPU
		{CFACC900-2FA3-4A91-923D-22BA1B48ED6C}.Release|Any CPU.Build.0 = Release|Any CPU
		{4EB15E9F-7048-4AC4-B23E-48AFEB09B489}.Debug|Any CPU.ActiveCfg = Debug|Any CPU
		{4EB15E9F-7048-4AC4-B23E-48AFEB09B489}.Debug|Any CPU.Build.0 = Debug|Any CPU
		{4EB15E9F-7048-4AC4-B23E-48AFEB09B489}.Release|Any CPU.ActiveCfg = Release|Any CPU
		{4EB15E9F-7048-4AC4-B23E-48AFEB09B489}.Release|Any CPU.Build.0 = Release|Any CPU
		{D4C7D92E-E007-468A-8C87-74BB1FD32947}.Debug|Any CPU.ActiveCfg = Debug|Any CPU
		{D4C7D92E-E007-468A-8C87-74BB1FD32947}.Debug|Any CPU.Build.0 = Debug|Any CPU
		{D4C7D92E-E007-468A-8C87-74BB1FD32947}.Release|Any CPU.ActiveCfg = Release|Any CPU
		{D4C7D92E-E007-468A-8C87-74BB1FD32947}.Release|Any CPU.Build.0 = Release|Any CPU
	EndGlobalSection
	GlobalSection(SolutionProperties) = preSolution
		HideSolutionNode = FALSE
	EndGlobalSection
	GlobalSection(ExtensibilityGlobals) = postSolution
		SolutionGuid = {E7B472E3-9032-4C78-B354-7014F2A2C487}
	EndGlobalSection
EndGlobal
